
Microsoft Visual Studio Solution File, Format Version 12.00
# Visual Studio 15
VisualStudioVersion = 15.0.26730.16
MinimumVisualStudioVersion = 10.0.40219.1
Project("{FAE04EC0-301F-11D3-BF4B-00C04F79EFBC}") = "ConsoleTool", "ConsoleTool\ConsoleTool.csproj", "{2FC806D2-A462-4F59-A771-FB67E13A3B82}"
EndProject
Project("{FAE04EC0-301F-11D3-BF4B-00C04F79EFBC}") = "TerrainMapLibrary", "TerrainMapLibrary\TerrainMapLibrary.csproj", "{EC353BF1-FDDC-4290-A3E7-5D23530E9383}"
EndProject
Global
	GlobalSection(SolutionConfigurationPlatforms) = preSolution
		Debug|Any CPU = Debug|Any CPU
		Release|Any CPU = Release|Any CPU
	EndGlobalSection
	GlobalSection(ProjectConfigurationPlatforms) = postSolution
		{2FC806D2-A462-4F59-A771-FB67E13A3B82}.Debug|Any CPU.ActiveCfg = Debug|Any CPU
		{2FC806D2-A462-4F59-A771-FB67E13A3B82}.Debug|Any CPU.Build.0 = Debug|Any CPU
		{2FC806D2-A462-4F59-A771-FB67E13A3B82}.Release|Any CPU.ActiveCfg = Release|Any CPU
		{2FC806D2-A462-4F59-A771-FB67E13A3B82}.Release|Any CPU.Build.0 = Release|Any CPU
		{EC353BF1-FDDC-4290-A3E7-5D23530E9383}.Debug|Any CPU.ActiveCfg = Debug|Any CPU
		{EC353BF1-FDDC-4290-A3E7-5D23530E9383}.Debug|Any CPU.Build.0 = Debug|Any CPU
		{EC353BF1-FDDC-4290-A3E7-5D23530E9383}.Release|Any CPU.ActiveCfg = Release|Any CPU
		{EC353BF1-FDDC-4290-A3E7-5D23530E9383}.Release|Any CPU.Build.0 = Release|Any CPU
	EndGlobalSection
	GlobalSection(SolutionProperties) = preSolution
		HideSolutionNode = FALSE
	EndGlobalSection
	GlobalSection(ExtensibilityGlobals) = postSolution
		SolutionGuid = {E84F8886-8E14-427F-9F7C-DA8377066386}
	EndGlobalSection
EndGlobal
