
Microsoft Visual Studio Solution File, Format Version 12.00
# Visual Studio 15
VisualStudioVersion = 15.0.27703.2026
MinimumVisualStudioVersion = 10.0.40219.1
Project("{FAE04EC0-301F-11D3-BF4B-00C04F79EFBC}") = "ConsoleTest", "ConsoleTest\ConsoleTest.csproj", "{F962003F-73D5-4F40-ABA9-59CF4DC9B732}"
EndProject
Project("{FAE04EC0-301F-11D3-BF4B-00C04F79EFBC}") = "TerrainMapLibrary", "TerrainMapLibrary\TerrainMapLibrary.csproj", "{B393FE35-8A81-49FB-AB16-2D2BE38E5312}"
EndProject
Project("{FAE04EC0-301F-11D3-BF4B-00C04F79EFBC}") = "TerrainMapGUI", "TerrainMapGUI\TerrainMapGUI.csproj", "{F489C900-1DFE-4DEF-B1A1-884AC1A3CEEF}"
EndProject
Global
	GlobalSection(SolutionConfigurationPlatforms) = preSolution
		Debug|Any CPU = Debug|Any CPU
		Release|Any CPU = Release|Any CPU
	EndGlobalSection
	GlobalSection(ProjectConfigurationPlatforms) = postSolution
		{F962003F-73D5-4F40-ABA9-59CF4DC9B732}.Debug|Any CPU.ActiveCfg = Debug|Any CPU
		{F962003F-73D5-4F40-ABA9-59CF4DC9B732}.Debug|Any CPU.Build.0 = Debug|Any CPU
		{F962003F-73D5-4F40-ABA9-59CF4DC9B732}.Release|Any CPU.ActiveCfg = Release|Any CPU
		{F962003F-73D5-4F40-ABA9-59CF4DC9B732}.Release|Any CPU.Build.0 = Release|Any CPU
		{B393FE35-8A81-49FB-AB16-2D2BE38E5312}.Debug|Any CPU.ActiveCfg = Debug|Any CPU
		{B393FE35-8A81-49FB-AB16-2D2BE38E5312}.Debug|Any CPU.Build.0 = Debug|Any CPU
		{B393FE35-8A81-49FB-AB16-2D2BE38E5312}.Release|Any CPU.ActiveCfg = Release|Any CPU
		{B393FE35-8A81-49FB-AB16-2D2BE38E5312}.Release|Any CPU.Build.0 = Release|Any CPU
		{F489C900-1DFE-4DEF-B1A1-884AC1A3CEEF}.Debug|Any CPU.ActiveCfg = Debug|Any CPU
		{F489C900-1DFE-4DEF-B1A1-884AC1A3CEEF}.Debug|Any CPU.Build.0 = Debug|Any CPU
		{F489C900-1DFE-4DEF-B1A1-884AC1A3CEEF}.Release|Any CPU.ActiveCfg = Release|Any CPU
		{F489C900-1DFE-4DEF-B1A1-884AC1A3CEEF}.Release|Any CPU.Build.0 = Release|Any CPU
	EndGlobalSection
	GlobalSection(SolutionProperties) = preSolution
		HideSolutionNode = FALSE
	EndGlobalSection
	GlobalSection(ExtensibilityGlobals) = postSolution
		SolutionGuid = {C1C19DCF-D45D-449F-8A3A-EA7C4A9F1F45}
	EndGlobalSection
EndGlobal
